
Microsoft Visual Studio Solution File, Format Version 12.00
# Visual Studio Version 16
VisualStudioVersion = 16.0.29609.76
MinimumVisualStudioVersion = 10.0.40219.1
Project("{FAE04EC0-301F-11D3-BF4B-00C04F79EFBC}") = "GildedRose", "GildedRose\GildedRose.csproj", "{105A25CD-09F5-46D8-B28D-B61CBED9C147}"
EndProject
Project("{FAE04EC0-301F-11D3-BF4B-00C04F79EFBC}") = "GildedRoseInventory", "GildedRoseInventory\GildedRoseInventory.csproj", "{E276F62B-7528-44D8-B548-1E0732580ECC}"
EndProject
Global
	GlobalSection(SolutionConfigurationPlatforms) = preSolution
		Debug|Any CPU = Debug|Any CPU
		Release|Any CPU = Release|Any CPU
	EndGlobalSection
	GlobalSection(ProjectConfigurationPlatforms) = postSolution
		{105A25CD-09F5-46D8-B28D-B61CBED9C147}.Debug|Any CPU.ActiveCfg = Debug|Any CPU
		{105A25CD-09F5-46D8-B28D-B61CBED9C147}.Debug|Any CPU.Build.0 = Debug|Any CPU
		{105A25CD-09F5-46D8-B28D-B61CBED9C147}.Release|Any CPU.ActiveCfg = Release|Any CPU
		{105A25CD-09F5-46D8-B28D-B61CBED9C147}.Release|Any CPU.Build.0 = Release|Any CPU
		{E276F62B-7528-44D8-B548-1E0732580ECC}.Debug|Any CPU.ActiveCfg = Debug|Any CPU
		{E276F62B-7528-44D8-B548-1E0732580ECC}.Debug|Any CPU.Build.0 = Debug|Any CPU
		{E276F62B-7528-44D8-B548-1E0732580ECC}.Release|Any CPU.ActiveCfg = Release|Any CPU
		{E276F62B-7528-44D8-B548-1E0732580ECC}.Release|Any CPU.Build.0 = Release|Any CPU
	EndGlobalSection
	GlobalSection(SolutionProperties) = preSolution
		HideSolutionNode = FALSE
	EndGlobalSection
	GlobalSection(ExtensibilityGlobals) = postSolution
		SolutionGuid = {88CD2AFB-E3F9-4884-A144-8AF823B3ADDE}
	EndGlobalSection
EndGlobal
