
Microsoft Visual Studio Solution File, Format Version 12.00
# Visual Studio 15
VisualStudioVersion = 15.0.28307.102
MinimumVisualStudioVersion = 10.0.40219.1
Project("{9A19103F-16F7-4668-BE54-9A1E7A4F7556}") = "GildedRose.Model", "GildedRose.Model\GildedRose.Model.csproj", "{A4B499FE-DB85-425D-9DA4-174FA6F04B80}"
EndProject
Project("{9A19103F-16F7-4668-BE54-9A1E7A4F7556}") = "GildedRose.Services", "GildedRose.Services\GildedRose.Services.csproj", "{A6DBB502-F9B0-40C3-ACDE-FDC63BE20367}"
EndProject
Project("{9A19103F-16F7-4668-BE54-9A1E7A4F7556}") = "GildedRose.Data", "GildedRose.Data\GildedRose.Data.csproj", "{1263CF9B-5BBA-41AF-8A0C-02BB1EF18D0E}"
EndProject
Project("{9A19103F-16F7-4668-BE54-9A1E7A4F7556}") = "GildedRose.API", "GildedRose.Api\GildedRose.API.csproj", "{54E40FA0-432C-4659-8BBE-ED56A087D60B}"
EndProject
Global
	GlobalSection(SolutionConfigurationPlatforms) = preSolution
		Debug|Any CPU = Debug|Any CPU
		Release|Any CPU = Release|Any CPU
	EndGlobalSection
	GlobalSection(ProjectConfigurationPlatforms) = postSolution
		{A4B499FE-DB85-425D-9DA4-174FA6F04B80}.Debug|Any CPU.ActiveCfg = Debug|Any CPU
		{A4B499FE-DB85-425D-9DA4-174FA6F04B80}.Debug|Any CPU.Build.0 = Debug|Any CPU
		{A4B499FE-DB85-425D-9DA4-174FA6F04B80}.Release|Any CPU.ActiveCfg = Release|Any CPU
		{A4B499FE-DB85-425D-9DA4-174FA6F04B80}.Release|Any CPU.Build.0 = Release|Any CPU
		{A6DBB502-F9B0-40C3-ACDE-FDC63BE20367}.Debug|Any CPU.ActiveCfg = Debug|Any CPU
		{A6DBB502-F9B0-40C3-ACDE-FDC63BE20367}.Debug|Any CPU.Build.0 = Debug|Any CPU
		{A6DBB502-F9B0-40C3-ACDE-FDC63BE20367}.Release|Any CPU.ActiveCfg = Release|Any CPU
		{A6DBB502-F9B0-40C3-ACDE-FDC63BE20367}.Release|Any CPU.Build.0 = Release|Any CPU
		{1263CF9B-5BBA-41AF-8A0C-02BB1EF18D0E}.Debug|Any CPU.ActiveCfg = Debug|Any CPU
		{1263CF9B-5BBA-41AF-8A0C-02BB1EF18D0E}.Debug|Any CPU.Build.0 = Debug|Any CPU
		{1263CF9B-5BBA-41AF-8A0C-02BB1EF18D0E}.Release|Any CPU.ActiveCfg = Release|Any CPU
		{1263CF9B-5BBA-41AF-8A0C-02BB1EF18D0E}.Release|Any CPU.Build.0 = Release|Any CPU
		{54E40FA0-432C-4659-8BBE-ED56A087D60B}.Debug|Any CPU.ActiveCfg = Debug|Any CPU
		{54E40FA0-432C-4659-8BBE-ED56A087D60B}.Debug|Any CPU.Build.0 = Debug|Any CPU
		{54E40FA0-432C-4659-8BBE-ED56A087D60B}.Release|Any CPU.ActiveCfg = Release|Any CPU
		{54E40FA0-432C-4659-8BBE-ED56A087D60B}.Release|Any CPU.Build.0 = Release|Any CPU
	EndGlobalSection
	GlobalSection(SolutionProperties) = preSolution
		HideSolutionNode = FALSE
	EndGlobalSection
	GlobalSection(ExtensibilityGlobals) = postSolution
		SolutionGuid = {D4397DB9-B9B8-4276-BB79-9C9210CE09C1}
	EndGlobalSection
EndGlobal
