Microsoft Visual Studio Solution File, Format Version 12.00
# Visual Studio 15
VisualStudioVersion = 15.0.27004.2006
MinimumVisualStudioVersion = 10.0.40219.1
Project("{FAE04EC0-301F-11D3-BF4B-00C04F79EFBC}") = "GildedRose.BusinessObjects", "..\GildedRose.BusinessObjects\GildedRose.BusinessObjects.csproj", "{FD4681B8-48E3-4D53-AEBE-6C9F26E274C9}"
EndProject
Project("{FAE04EC0-301F-11D3-BF4B-00C04F79EFBC}") = "GildedRose.ClientHelpers", "GildedRose.ClientHelpers\GildedRose.ClientHelpers.csproj", "{214D7001-14BA-4D6D-994D-41BE7DD04572}"
EndProject
Project("{FAE04EC0-301F-11D3-BF4B-00C04F79EFBC}") = "GuildedRose.Web", "GildedRose.Web\GuildedRose.Web.csproj", "{FE111978-D127-4120-ABB4-370B91AFDFDF}"
EndProject
Global
	GlobalSection(SolutionConfigurationPlatforms) = preSolution
		Debug|Any CPU = Debug|Any CPU
		Release|Any CPU = Release|Any CPU
	EndGlobalSection
	GlobalSection(ProjectConfigurationPlatforms) = postSolution
		{FD4681B8-48E3-4D53-AEBE-6C9F26E274C9}.Debug|Any CPU.ActiveCfg = Debug|Any CPU
		{FD4681B8-48E3-4D53-AEBE-6C9F26E274C9}.Debug|Any CPU.Build.0 = Debug|Any CPU
		{FD4681B8-48E3-4D53-AEBE-6C9F26E274C9}.Release|Any CPU.ActiveCfg = Release|Any CPU
		{FD4681B8-48E3-4D53-AEBE-6C9F26E274C9}.Release|Any CPU.Build.0 = Release|Any CPU
		{214D7001-14BA-4D6D-994D-41BE7DD04572}.Debug|Any CPU.ActiveCfg = Debug|Any CPU
		{214D7001-14BA-4D6D-994D-41BE7DD04572}.Debug|Any CPU.Build.0 = Debug|Any CPU
		{214D7001-14BA-4D6D-994D-41BE7DD04572}.Release|Any CPU.ActiveCfg = Release|Any CPU
		{214D7001-14BA-4D6D-994D-41BE7DD04572}.Release|Any CPU.Build.0 = Release|Any CPU
		{FE111978-D127-4120-ABB4-370B91AFDFDF}.Debug|Any CPU.ActiveCfg = Debug|Any CPU
		{FE111978-D127-4120-ABB4-370B91AFDFDF}.Debug|Any CPU.Build.0 = Debug|Any CPU
		{FE111978-D127-4120-ABB4-370B91AFDFDF}.Release|Any CPU.ActiveCfg = Release|Any CPU
		{FE111978-D127-4120-ABB4-370B91AFDFDF}.Release|Any CPU.Build.0 = Release|Any CPU
	EndGlobalSection
	GlobalSection(SolutionProperties) = preSolution
		HideSolutionNode = FALSE
	EndGlobalSection
	GlobalSection(ExtensibilityGlobals) = postSolution
		SolutionGuid = {49717A0D-F34F-438D-BD78-FDDE651BD604}
	EndGlobalSection
EndGlobal
